<Solution>
  <Folder Name="/src/">
    <Project Path="src/Reunion/Reunion.csproj" />
    <Project Path="src/Reunion.AspNetCore/Reunion.AspNetCore.csproj" />
    <Project Path="src/Reunion.Errors/Reunion.Errors.csproj" />
    <Project Path="src/Reunion.Validation/Reunion.Validation.csproj" />
  </Folder>
  <Folder Name="/tests/">
    <Project Path="tests/Reunion.AspNetCore.Tests/Reunion.AspNetCore.Tests.csproj" />
    <Project Path="tests/Reunion.Errors.Tests/Reunion.Errors.Tests.csproj" />
    <Project Path="tests/Reunion.Tests/Reunion.Tests.csproj" />
    <Project Path="tests/Reunion.Validation.Tests/Reunion.Validation.Tests.csproj" />
  </Folder>
  <Folder Name="/eng/">
    <Project Path="eng/Reunion.ApiComparison/Reunion.ApiComparison.csproj" />
  </Folder>
</Solution>
